
Microsoft Visual Studio Solution File, Format Version 12.00
# Visual Studio Version 17
VisualStudioVersion = 17.4.33205.214
MinimumVisualStudioVersion = 10.0.40219.1
Project("{FAE04EC0-301F-11D3-BF4B-00C04F79EFBC}") = "blackJack", "blackJack\blackJack.csproj", "{0323DCAE-70C1-42F0-B09E-E4AFABC46E3D}"
EndProject
Project("{FAE04EC0-301F-11D3-BF4B-00C04F79EFBC}") = "BlackJackTest", "BlackJackTest\BlackJackTest.csproj", "{54302808-8ADD-465D-B83E-793F33A9526C}"
EndProject
Global
	GlobalSection(SolutionConfigurationPlatforms) = preSolution
		Debug|Any CPU = Debug|Any CPU
		Release|Any CPU = Release|Any CPU
	EndGlobalSection
	GlobalSection(ProjectConfigurationPlatforms) = postSolution
		{0323DCAE-70C1-42F0-B09E-E4AFABC46E3D}.Debug|Any CPU.ActiveCfg = Debug|Any CPU
		{0323DCAE-70C1-42F0-B09E-E4AFABC46E3D}.Debug|Any CPU.Build.0 = Debug|Any CPU
		{0323DCAE-70C1-42F0-B09E-E4AFABC46E3D}.Release|Any CPU.ActiveCfg = Release|Any CPU
		{0323DCAE-70C1-42F0-B09E-E4AFABC46E3D}.Release|Any CPU.Build.0 = Release|Any CPU
		{54302808-8ADD-465D-B83E-793F33A9526C}.Debug|Any CPU.ActiveCfg = Debug|Any CPU
		{54302808-8ADD-465D-B83E-793F33A9526C}.Debug|Any CPU.Build.0 = Debug|Any CPU
		{54302808-8ADD-465D-B83E-793F33A9526C}.Release|Any CPU.ActiveCfg = Release|Any CPU
		{54302808-8ADD-465D-B83E-793F33A9526C}.Release|Any CPU.Build.0 = Release|Any CPU
	EndGlobalSection
	GlobalSection(SolutionProperties) = preSolution
		HideSolutionNode = FALSE
	EndGlobalSection
	GlobalSection(ExtensibilityGlobals) = postSolution
		SolutionGuid = {1F5C682D-3B30-42F3-8F20-41F7F8F8FD1B}
	EndGlobalSection
EndGlobal
